
Microsoft Visual Studio Solution File, Format Version 12.00
# Visual Studio Version 16
VisualStudioVersion = 25.0.1706.7
MinimumVisualStudioVersion = 10.0.40219.1
Project("{FAE04EC0-301F-11D3-BF4B-00C04F79EFBC}") = "DemoAppMvc", "DemoAppMvc.csproj", "{1A710C36-326B-47B4-9810-1D27175CE011}"
EndProject
Global
	GlobalSection(SolutionConfigurationPlatforms) = preSolution
		Debug|Any CPU = Debug|Any CPU
		Release|Any CPU = Release|Any CPU
	EndGlobalSection
	GlobalSection(ProjectConfigurationPlatforms) = postSolution
		{1A710C36-326B-47B4-9810-1D27175CE011}.Debug|Any CPU.ActiveCfg = Debug|Any CPU
		{1A710C36-326B-47B4-9810-1D27175CE011}.Debug|Any CPU.Build.0 = Debug|Any CPU
		{1A710C36-326B-47B4-9810-1D27175CE011}.Release|Any CPU.ActiveCfg = Release|Any CPU
		{1A710C36-326B-47B4-9810-1D27175CE011}.Release|Any CPU.Build.0 = Release|Any CPU
	EndGlobalSection
	GlobalSection(SolutionProperties) = preSolution
		HideSolutionNode = FALSE
	EndGlobalSection
	GlobalSection(ExtensibilityGlobals) = postSolution
		SolutionGuid = {B3AA3587-D97F-418A-BAC6-8E64E1C5A899}
	EndGlobalSection
EndGlobal
