
Microsoft Visual Studio Solution File, Format Version 12.00
# Visual Studio Version 16
VisualStudioVersion = 25.0.1706.7
MinimumVisualStudioVersion = 10.0.40219.1
Project("{FAE04EC0-301F-11D3-BF4B-00C04F79EFBC}") = "practice", "practice.csproj", "{840C9FE9-19A9-4439-868B-25FBE34BB9FB}"
EndProject
Global
	GlobalSection(SolutionConfigurationPlatforms) = preSolution
		Debug|Any CPU = Debug|Any CPU
		Release|Any CPU = Release|Any CPU
	EndGlobalSection
	GlobalSection(ProjectConfigurationPlatforms) = postSolution
		{840C9FE9-19A9-4439-868B-25FBE34BB9FB}.Debug|Any CPU.ActiveCfg = Debug|Any CPU
		{840C9FE9-19A9-4439-868B-25FBE34BB9FB}.Debug|Any CPU.Build.0 = Debug|Any CPU
		{840C9FE9-19A9-4439-868B-25FBE34BB9FB}.Release|Any CPU.ActiveCfg = Release|Any CPU
		{840C9FE9-19A9-4439-868B-25FBE34BB9FB}.Release|Any CPU.Build.0 = Release|Any CPU
	EndGlobalSection
	GlobalSection(SolutionProperties) = preSolution
		HideSolutionNode = FALSE
	EndGlobalSection
	GlobalSection(ExtensibilityGlobals) = postSolution
		SolutionGuid = {35941493-F85B-4FE0-8F4B-85EEF6EA2F8F}
	EndGlobalSection
EndGlobal
